
Microsoft Visual Studio Solution File, Format Version 12.00
# Visual Studio Version 17
VisualStudioVersion = 17.1.32328.378
MinimumVisualStudioVersion = 10.0.40219.1
Project("{8BC9CEB8-8B4A-11D0-8D11-00A0C91BC942}") = "Ponomarev_HW_7", "Ponomarev_HW_7\Ponomarev_HW_7.vcxproj", "{7AAD5F67-7B5B-4CE9-B965-92DF6189F29D}"
EndProject
Global
	GlobalSection(SolutionConfigurationPlatforms) = preSolution
		Debug|x64 = Debug|x64
		Debug|x86 = Debug|x86
		Release|x64 = Release|x64
		Release|x86 = Release|x86
	EndGlobalSection
	GlobalSection(ProjectConfigurationPlatforms) = postSolution
		{7AAD5F67-7B5B-4CE9-B965-92DF6189F29D}.Debug|x64.ActiveCfg = Debug|x64
		{7AAD5F67-7B5B-4CE9-B965-92DF6189F29D}.Debug|x64.Build.0 = Debug|x64
		{7AAD5F67-7B5B-4CE9-B965-92DF6189F29D}.Debug|x86.ActiveCfg = Debug|Win32
		{7AAD5F67-7B5B-4CE9-B965-92DF6189F29D}.Debug|x86.Build.0 = Debug|Win32
		{7AAD5F67-7B5B-4CE9-B965-92DF6189F29D}.Release|x64.ActiveCfg = Release|x64
		{7AAD5F67-7B5B-4CE9-B965-92DF6189F29D}.Release|x64.Build.0 = Release|x64
		{7AAD5F67-7B5B-4CE9-B965-92DF6189F29D}.Release|x86.ActiveCfg = Release|Win32
		{7AAD5F67-7B5B-4CE9-B965-92DF6189F29D}.Release|x86.Build.0 = Release|Win32
	EndGlobalSection
	GlobalSection(SolutionProperties) = preSolution
		HideSolutionNode = FALSE
	EndGlobalSection
	GlobalSection(ExtensibilityGlobals) = postSolution
		SolutionGuid = {8498ABCE-F002-419D-B711-14E058C705F1}
	EndGlobalSection
EndGlobal
